
Microsoft Visual Studio Solution File, Format Version 12.00
# Visual Studio Version 16
VisualStudioVersion = 16.0.30523.141
MinimumVisualStudioVersion = 10.0.40219.1
Project("{FAE04EC0-301F-11D3-BF4B-00C04F79EFBC}") = "WindowsFormsApp Calculadora Inmueble", "WindowsFormsApp Calculadora Inmueble\WindowsFormsApp Calculadora Inmueble.csproj", "{5FBFDE1A-83A1-4FE8-BE13-8C40D62C97A2}"
EndProject
Global
	GlobalSection(SolutionConfigurationPlatforms) = preSolution
		Debug|Any CPU = Debug|Any CPU
		Release|Any CPU = Release|Any CPU
	EndGlobalSection
	GlobalSection(ProjectConfigurationPlatforms) = postSolution
		{5FBFDE1A-83A1-4FE8-BE13-8C40D62C97A2}.Debug|Any CPU.ActiveCfg = Debug|Any CPU
		{5FBFDE1A-83A1-4FE8-BE13-8C40D62C97A2}.Debug|Any CPU.Build.0 = Debug|Any CPU
		{5FBFDE1A-83A1-4FE8-BE13-8C40D62C97A2}.Release|Any CPU.ActiveCfg = Release|Any CPU
		{5FBFDE1A-83A1-4FE8-BE13-8C40D62C97A2}.Release|Any CPU.Build.0 = Release|Any CPU
	EndGlobalSection
	GlobalSection(SolutionProperties) = preSolution
		HideSolutionNode = FALSE
	EndGlobalSection
	GlobalSection(ExtensibilityGlobals) = postSolution
		SolutionGuid = {074F6E6F-F390-4A77-BF34-B8B691F5A908}
	EndGlobalSection
EndGlobal
